// !$*UTF8*$!
{
	archiveVersion = 1;
	classes = {
	};
	objectVersion = 46;
	objects = {

/* Begin PBXBuildFile section */
		D99845A71B82C99B008A0475 /* AppDelegate.swift in Sources */ = {isa = PBXBuildFile; fileRef = D99845A61B82C99B008A0475 /* AppDelegate.swift */; };
		D99845A91B82C99B008A0475 /* ViewController.swift in Sources */ = {isa = PBXBuildFile; fileRef = D99845A81B82C99B008A0475 /* ViewController.swift */; };
		D99845AC1B82C99B008A0475 /* Main.storyboard in Resources */ = {isa = PBXBuildFile; fileRef = D99845AA1B82C99B008A0475 /* Main.storyboard */; };
		D99845AE1B82C99B008A0475 /* Assets.xcassets in Resources */ = {isa = PBXBuildFile; fileRef = D99845AD1B82C99B008A0475 /* Assets.xcassets */; };
		D99845B11B82C99B008A0475 /* LaunchScreen.storyboard in Resources */ = {isa = PBXBuildFile; fileRef = D99845AF1B82C99B008A0475 /* LaunchScreen.storyboard */; };
		D99845BB1B82CC51008A0475 /* fingers.jpg in Resources */ = {isa = PBXBuildFile; fileRef = D99845BA1B82CC51008A0475 /* fingers.jpg */; };
/* End PBXBuildFile section */

/* Begin PBXFileReference section */
		D99845A31B82C99B008A0475 /* HowManyFingers.app */ = {isa = PBXFileReference; explicitFileType = wrapper.application; includeInIndex = 0; path = HowManyFingers.app; sourceTree = BUILT_PRODUCTS_DIR; };
		D99845A61B82C99B008A0475 /* AppDelegate.swift */ = {isa = PBXFileReference; lastKnownFileType = sourcecode.swift; path = AppDelegate.swift; sourceTree = "<group>"; };
		D99845A81B82C99B008A0475 /* ViewController.swift */ = {isa = PBXFileReference; lastKnownFileType = sourcecode.swift; path = ViewController.swift; sourceTree = "<group>"; };
		D99845AB1B82C99B008A0475 /* Base */ = {isa = PBXFileReference; lastKnownFileType = file.storyboard; name = Base; path = Base.lproj/Main.storyboard; sourceTree = "<group>"; };
		D99845AD1B82C99B008A0475 /* Assets.xcassets */ = {isa = PBXFileReference; lastKnownFileType = folder.assetcatalog; path = Assets.xcassets; sourceTree = "<group>"; };
		D99845B01B82C99B008A0475 /* Base */ = {isa = PBXFileReference; lastKnownFileType = file.storyboard; name = Base; path = Base.lproj/LaunchScreen.storyboard; sourceTree = "<group>"; };
		D99845B21B82C99B008A0475 /* Info.plist */ = {isa = PBXFileReference; lastKnownFileType = text.plist.xml; path = Info.plist; sourceTree = "<group>"; };
		D99845BA1B82CC51008A0475 /* fingers.jpg */ = {isa = PBXFileReference; lastKnownFileType = image.jpeg; path = fingers.jpg; sourceTree = "<group>"; };
/* End PBXFileReference section */

/* Begin PBXFrameworksBuildPhase section */
		D99845A01B82C99B008A0475 /* Frameworks */ = {
			isa = PBXFrameworksBuildPhase;
			buildActionMask = 2147483647;
			files = (
			);
			runOnlyForDeploymentPostprocessing = 0;
		};
/* End PBXFrameworksBuildPhase section */

/* Begin PBXGroup section */
		D998459A1B82C99B008A0475 = {
			isa = PBXGroup;
			children = (
				D99845A51B82C99B008A0475 /* HowManyFingers */,
				D99845A41B82C99B008A0475 /* Products */,
			);
			sourceTree = "<group>";
		};
		D99845A41B82C99B008A0475 /* Products */ = {
			isa = PBXGroup;
			children = (
				D99845A31B82C99B008A0475 /* HowManyFingers.app */,
			);
			name = Products;
			sourceTree = "<group>";
		};
		D99845A51B82C99B008A0475 /* HowManyFingers */ = {
			isa = PBXGroup;
			children = (
				D99845A61B82C99B008A0475 /* AppDelegate.swift */,
				D99845BA1B82CC51008A0475 /* fingers.jpg */,
				D99845A81B82C99B008A0475 /* ViewController.swift */,
				D99845AA1B82C99B008A0475 /* Main.storyboard */,
				D99845AD1B82C99B008A0475 /* Assets.xcassets */,
				D99845AF1B82C99B008A0475 /* LaunchScreen.storyboard */,
				D99845B21B82C99B008A0475 /* Info.plist */,
			);
			path = HowManyFingers;
			sourceTree = "<group>";
		};
/* End PBXGroup section */

/* Begin PBXNativeTarget section */
		D99845A21B82C99B008A0475 /* HowManyFingers */ = {
			isa = PBXNativeTarget;
			buildConfigurationList = D99845B51B82C99B008A0475 /* Build configuration list for PBXNativeTarget "HowManyFingers" */;
			buildPhases = (
				D998459F1B82C99B008A0475 /* Sources */,
				D99845A01B82C99B008A0475 /* Frameworks */,
				D99845A11B82C99B008A0475 /* Resources */,
			);
			buildRules = (
			);
			dependencies = (
			);
			name = HowManyFingers;
			productName = HowManyFingers;
			productReference = D99845A31B82C99B008A0475 /* HowManyFingers.app */;
			productType = "com.apple.product-type.application";
		};
/* End PBXNativeTarget section */

/* Begin PBXProject section */
		D998459B1B82C99B008A0475 /* Project object */ = {
			isa = PBXProject;
			attributes = {
				LastUpgradeCheck = 0700;
				ORGANIZATIONNAME = ColcordApps;
				TargetAttributes = {
					D99845A21B82C99B008A0475 = {
						CreatedOnToolsVersion = 7.0;
					};
				};
			};
			buildConfigurationList = D998459E1B82C99B008A0475 /* Build configuration list for PBXProject "HowManyFingers" */;
			compatibilityVersion = "Xcode 3.2";
			developmentRegion = English;
			hasScannedForEncodings = 0;
			knownRegions = (
				en,
				Base,
			);
			mainGroup = D998459A1B82C99B008A0475;
			productRefGroup = D99845A41B82C99B008A0475 /* Products */;
			projectDirPath = "";
			projectRoot = "";
			targets = (
				D99845A21B82C99B008A0475 /* HowManyFingers */,
			);
		};
/* End PBXProject section */

/* Begin PBXResourcesBuildPhase section */
		D99845A11B82C99B008A0475 /* Resources */ = {
			isa = PBXResourcesBuildPhase;
			buildActionMask = 2147483647;
			files = (
				D99845BB1B82CC51008A0475 /* fingers.jpg in Resources */,
				D99845B11B82C99B008A0475 /* LaunchScreen.storyboard in Resources */,
				D99845AE1B82C99B008A0475 /* Assets.xcassets in Resources */,
				D99845AC1B82C99B008A0475 /* Main.storyboard in Resources */,
			);
			runOnlyForDeploymentPostprocessing = 0;
		};
/* End PBXResourcesBuildPhase section */

/* Begin PBXSourcesBuildPhase section */
		D998459F1B82C99B008A0475 /* Sources */ = {
			isa = PBXSourcesBuildPhase;
			buildActionMask = 2147483647;
			files = (
				D99845A91B82C99B008A0475 /* ViewController.swift in Sources */,
				D99845A71B82C99B008A0475 /* AppDelegate.swift in Sources */,
			);
			runOnlyForDeploymentPostprocessing = 0;
		};
/* End PBXSourcesBuildPhase section */

/* Begin PBXVariantGroup section */
		D99845AA1B82C99B008A0475 /* Main.storyboard */ = {
			isa = PBXVariantGroup;
			children = (
				D99845AB1B82C99B008A0475 /* Base */,
			);
			name = Main.storyboard;
			sourceTree = "<group>";
		};
		D99845AF1B82C99B008A0475 /* LaunchScreen.storyboard */ = {
			isa = PBXVariantGroup;
			children = (
				D99845B01B82C99B008A0475 /* Base */,
			);
			name = LaunchScreen.storyboard;
			sourceTree = "<group>";
		};
/* End PBXVariantGroup section */

/* Begin XCBuildConfiguration section */
		D99845B31B82C99B008A0475 /* Debug */ = {
			isa = XCBuildConfiguration;
			buildSettings = {
				ALWAYS_SEARCH_USER_PATHS = NO;
				CLANG_CXX_LANGUAGE_STANDARD = "gnu++0x";
				CLANG_CXX_LIBRARY = "libc++";
				CLANG_ENABLE_MODULES = YES;
				CLANG_ENABLE_OBJC_ARC = YES;
				CLANG_WARN_BOOL_CONVERSION = YES;
				CLANG_WARN_CONSTANT_CONVERSION = YES;
				CLANG_WARN_DIRECT_OBJC_ISA_USAGE = YES_ERROR;
				CLANG_WARN_EMPTY_BODY = YES;
				CLANG_WARN_ENUM_CONVERSION = YES;
				CLANG_WARN_INT_CONVERSION = YES;
				CLANG_WARN_OBJC_ROOT_CLASS = YES_ERROR;
				CLANG_WARN_UNREACHABLE_CODE = YES;
				CLANG_WARN__DUPLICATE_METHOD_MATCH = YES;
				"CODE_SIGN_IDENTITY[sdk=iphoneos*]" = "iPhone Developer";
				COPY_PHASE_STRIP = NO;
				DEBUG_INFORMATION_FORMAT = dwarf;
				ENABLE_STRICT_OBJC_MSGSEND = YES;
				ENABLE_TESTABILITY = YES;
				GCC_C_LANGUAGE_STANDARD = gnu99;
				GCC_DYNAMIC_NO_PIC = NO;
				GCC_NO_COMMON_BLOCKS = YES;
				GCC_OPTIMIZATION_LEVEL = 0;
				GCC_PREPROCESSOR_DEFINITIONS = (
					"DEBUG=1",
					"$(inherited)",
				);
				GCC_WARN_64_TO_32_BIT_CONVERSION = YES;
				GCC_WARN_ABOUT_RETURN_TYPE = YES_ERROR;
				GCC_WARN_UNDECLARED_SELECTOR = YES;
				GCC_WARN_UNINITIALIZED_AUTOS = YES_AGGRESSIVE;
				GCC_WARN_UNUSED_FUNCTION = YES;
				GCC_WARN_UNUSED_VARIABLE = YES;
				IPHONEOS_DEPLOYMENT_TARGET = 9.0;
				MTL_ENABLE_DEBUG_INFO = YES;
				ONLY_ACTIVE_ARCH = YES;
				SDKROOT = iphoneos;
				SWIFT_OPTIMIZATION_LEVEL = "-Onone";
			};
			name = Debug;
		};
		D99845B41B82C99B008A0475 /* Release */ = {
			isa = XCBuildConfiguration;
			buildSettings = {
				ALWAYS_SEARCH_USER_PATHS = NO;
				CLANG_CXX_LANGUAGE_STANDARD = "gnu++0x";
				CLANG_CXX_LIBRARY = "libc++";
				CLANG_ENABLE_MODULES = YES;
				CLANG_ENABLE_OBJC_ARC = YES;
				CLANG_WARN_BOOL_CONVERSION = YES;
				CLANG_WARN_CONSTANT_CONVERSION = YES;
				CLANG_WARN_DIRECT_OBJC_ISA_USAGE = YES_ERROR;
				CLANG_WARN_EMPTY_BODY = YES;
				CLANG_WARN_ENUM_CONVERSION = YES;
				CLANG_WARN_INT_CONVERSION = YES;
				CLANG_WARN_OBJC_ROOT_CLASS = YES_ERROR;
				CLANG_WARN_UNREACHABLE_CODE = YES;
				CLANG_WARN__DUPLICATE_METHOD_MATCH = YES;
				"CODE_SIGN_IDENTITY[sdk=iphoneos*]" = "iPhone Developer";
				COPY_PHASE_STRIP = NO;
				DEBUG_INFORMATION_FORMAT = "dwarf-with-dsym";
				ENABLE_NS_ASSERTIONS = NO;
				ENABLE_STRICT_OBJC_MSGSEND = YES;
				GCC_C_LANGUAGE_STANDARD = gnu99;
				GCC_NO_COMMON_BLOCKS = YES;
				GCC_WARN_64_TO_32_BIT_CONVERSION = YES;
				GCC_WARN_ABOUT_RETURN_TYPE = YES_ERROR;
				GCC_WARN_UNDECLARED_SELECTOR = YES;
				GCC_WARN_UNINITIALIZED_AUTOS = YES_AGGRESSIVE;
				GCC_WARN_UNUSED_FUNCTION = YES;
				GCC_WARN_UNUSED_VARIABLE = YES;
				IPHONEOS_DEPLOYMENT_TARGET = 9.0;
				MTL_ENABLE_DEBUG_INFO = NO;
				SDKROOT = iphoneos;
				VALIDATE_PRODUCT = YES;
			};
			name = Release;
		};
		D99845B61B82C99B008A0475 /* Debug */ = {
			isa = XCBuildConfiguration;
			buildSettings = {
				ASSETCATALOG_COMPILER_APPICON_NAME = AppIcon;
				INFOPLIST_FILE = HowManyFingers/Info.plist;
				LD_RUNPATH_SEARCH_PATHS = "$(inherited) @executable_path/Frameworks";
				PRODUCT_BUNDLE_IDENTIFIER = com.colcordapps.HowManyFingers;
				PRODUCT_NAME = "$(TARGET_NAME)";
			};
			name = Debug;
		};
		D99845B71B82C99B008A0475 /* Release */ = {
			isa = XCBuildConfiguration;
			buildSettings = {
				ASSETCATALOG_COMPILER_APPICON_NAME = AppIcon;
				INFOPLIST_FILE = HowManyFingers/Info.plist;
				LD_RUNPATH_SEARCH_PATHS = "$(inherited) @executable_path/Frameworks";
				PRODUCT_BUNDLE_IDENTIFIER = com.colcordapps.HowManyFingers;
				PRODUCT_NAME = "$(TARGET_NAME)";
			};
			name = Release;
		};
/* End XCBuildConfiguration section */

/* Begin XCConfigurationList section */
		D998459E1B82C99B008A0475 /* Build configuration list for PBXProject "HowManyFingers" */ = {
			isa = XCConfigurationList;
			buildConfigurations = (
				D99845B31B82C99B008A0475 /* Debug */,
				D99845B41B82C99B008A0475 /* Release */,
			);
			defaultConfigurationIsVisible = 0;
			defaultConfigurationName = Release;
		};
		D99845B51B82C99B008A0475 /* Build configuration list for PBXNativeTarget "HowManyFingers" */ = {
			isa = XCConfigurationList;
			buildConfigurations = (
				D99845B61B82C99B008A0475 /* Debug */,
				D99845B71B82C99B008A0475 /* Release */,
			);
			defaultConfigurationIsVisible = 0;
		};
/* End XCConfigurationList section */
	};
	rootObject = D998459B1B82C99B008A0475 /* Project object */;
}
