// !$*UTF8*$!
{
	archiveVersion = 1;
	classes = {
	};
	objectVersion = 46;
	objects = {

/* Begin PBXBuildFile section */
		D9C5CE221B811A6900EB53E0 /* AppDelegate.swift in Sources */ = {isa = PBXBuildFile; fileRef = D9C5CE211B811A6900EB53E0 /* AppDelegate.swift */; };
		D9C5CE241B811A6900EB53E0 /* ViewController.swift in Sources */ = {isa = PBXBuildFile; fileRef = D9C5CE231B811A6900EB53E0 /* ViewController.swift */; };
		D9C5CE271B811A6900EB53E0 /* Main.storyboard in Resources */ = {isa = PBXBuildFile; fileRef = D9C5CE251B811A6900EB53E0 /* Main.storyboard */; };
		D9C5CE291B811A6900EB53E0 /* Assets.xcassets in Resources */ = {isa = PBXBuildFile; fileRef = D9C5CE281B811A6900EB53E0 /* Assets.xcassets */; };
		D9C5CE2C1B811A6900EB53E0 /* LaunchScreen.storyboard in Resources */ = {isa = PBXBuildFile; fileRef = D9C5CE2A1B811A6900EB53E0 /* LaunchScreen.storyboard */; };
		D9C5CE341B811B3200EB53E0 /* cat.jpg in Resources */ = {isa = PBXBuildFile; fileRef = D9C5CE331B811B3200EB53E0 /* cat.jpg */; };
/* End PBXBuildFile section */

/* Begin PBXFileReference section */
		D9C5CE1E1B811A6900EB53E0 /* Cat Years.app */ = {isa = PBXFileReference; explicitFileType = wrapper.application; includeInIndex = 0; path = "Cat Years.app"; sourceTree = BUILT_PRODUCTS_DIR; };
		D9C5CE211B811A6900EB53E0 /* AppDelegate.swift */ = {isa = PBXFileReference; lastKnownFileType = sourcecode.swift; path = AppDelegate.swift; sourceTree = "<group>"; };
		D9C5CE231B811A6900EB53E0 /* ViewController.swift */ = {isa = PBXFileReference; lastKnownFileType = sourcecode.swift; path = ViewController.swift; sourceTree = "<group>"; };
		D9C5CE261B811A6900EB53E0 /* Base */ = {isa = PBXFileReference; lastKnownFileType = file.storyboard; name = Base; path = Base.lproj/Main.storyboard; sourceTree = "<group>"; };
		D9C5CE281B811A6900EB53E0 /* Assets.xcassets */ = {isa = PBXFileReference; lastKnownFileType = folder.assetcatalog; path = Assets.xcassets; sourceTree = "<group>"; };
		D9C5CE2B1B811A6900EB53E0 /* Base */ = {isa = PBXFileReference; lastKnownFileType = file.storyboard; name = Base; path = Base.lproj/LaunchScreen.storyboard; sourceTree = "<group>"; };
		D9C5CE2D1B811A6A00EB53E0 /* Info.plist */ = {isa = PBXFileReference; lastKnownFileType = text.plist.xml; path = Info.plist; sourceTree = "<group>"; };
		D9C5CE331B811B3200EB53E0 /* cat.jpg */ = {isa = PBXFileReference; lastKnownFileType = image.jpeg; path = cat.jpg; sourceTree = "<group>"; };
/* End PBXFileReference section */

/* Begin PBXFrameworksBuildPhase section */
		D9C5CE1B1B811A6900EB53E0 /* Frameworks */ = {
			isa = PBXFrameworksBuildPhase;
			buildActionMask = 2147483647;
			files = (
			);
			runOnlyForDeploymentPostprocessing = 0;
		};
/* End PBXFrameworksBuildPhase section */

/* Begin PBXGroup section */
		D9C5CE151B811A6900EB53E0 = {
			isa = PBXGroup;
			children = (
				D9C5CE201B811A6900EB53E0 /* Cat Years */,
				D9C5CE1F1B811A6900EB53E0 /* Products */,
			);
			sourceTree = "<group>";
		};
		D9C5CE1F1B811A6900EB53E0 /* Products */ = {
			isa = PBXGroup;
			children = (
				D9C5CE1E1B811A6900EB53E0 /* Cat Years.app */,
			);
			name = Products;
			sourceTree = "<group>";
		};
		D9C5CE201B811A6900EB53E0 /* Cat Years */ = {
			isa = PBXGroup;
			children = (
				D9C5CE211B811A6900EB53E0 /* AppDelegate.swift */,
				D9C5CE231B811A6900EB53E0 /* ViewController.swift */,
				D9C5CE331B811B3200EB53E0 /* cat.jpg */,
				D9C5CE251B811A6900EB53E0 /* Main.storyboard */,
				D9C5CE281B811A6900EB53E0 /* Assets.xcassets */,
				D9C5CE2A1B811A6900EB53E0 /* LaunchScreen.storyboard */,
				D9C5CE2D1B811A6A00EB53E0 /* Info.plist */,
			);
			path = "Cat Years";
			sourceTree = "<group>";
		};
/* End PBXGroup section */

/* Begin PBXNativeTarget section */
		D9C5CE1D1B811A6900EB53E0 /* Cat Years */ = {
			isa = PBXNativeTarget;
			buildConfigurationList = D9C5CE301B811A6A00EB53E0 /* Build configuration list for PBXNativeTarget "Cat Years" */;
			buildPhases = (
				D9C5CE1A1B811A6900EB53E0 /* Sources */,
				D9C5CE1B1B811A6900EB53E0 /* Frameworks */,
				D9C5CE1C1B811A6900EB53E0 /* Resources */,
			);
			buildRules = (
			);
			dependencies = (
			);
			name = "Cat Years";
			productName = "Cat Years";
			productReference = D9C5CE1E1B811A6900EB53E0 /* Cat Years.app */;
			productType = "com.apple.product-type.application";
		};
/* End PBXNativeTarget section */

/* Begin PBXProject section */
		D9C5CE161B811A6900EB53E0 /* Project object */ = {
			isa = PBXProject;
			attributes = {
				LastUpgradeCheck = 0700;
				ORGANIZATIONNAME = ColcordApps;
				TargetAttributes = {
					D9C5CE1D1B811A6900EB53E0 = {
						CreatedOnToolsVersion = 7.0;
					};
				};
			};
			buildConfigurationList = D9C5CE191B811A6900EB53E0 /* Build configuration list for PBXProject "Cat Years" */;
			compatibilityVersion = "Xcode 3.2";
			developmentRegion = English;
			hasScannedForEncodings = 0;
			knownRegions = (
				en,
				Base,
			);
			mainGroup = D9C5CE151B811A6900EB53E0;
			productRefGroup = D9C5CE1F1B811A6900EB53E0 /* Products */;
			projectDirPath = "";
			projectRoot = "";
			targets = (
				D9C5CE1D1B811A6900EB53E0 /* Cat Years */,
			);
		};
/* End PBXProject section */

/* Begin PBXResourcesBuildPhase section */
		D9C5CE1C1B811A6900EB53E0 /* Resources */ = {
			isa = PBXResourcesBuildPhase;
			buildActionMask = 2147483647;
			files = (
				D9C5CE2C1B811A6900EB53E0 /* LaunchScreen.storyboard in Resources */,
				D9C5CE291B811A6900EB53E0 /* Assets.xcassets in Resources */,
				D9C5CE341B811B3200EB53E0 /* cat.jpg in Resources */,
				D9C5CE271B811A6900EB53E0 /* Main.storyboard in Resources */,
			);
			runOnlyForDeploymentPostprocessing = 0;
		};
/* End PBXResourcesBuildPhase section */

/* Begin PBXSourcesBuildPhase section */
		D9C5CE1A1B811A6900EB53E0 /* Sources */ = {
			isa = PBXSourcesBuildPhase;
			buildActionMask = 2147483647;
			files = (
				D9C5CE241B811A6900EB53E0 /* ViewController.swift in Sources */,
				D9C5CE221B811A6900EB53E0 /* AppDelegate.swift in Sources */,
			);
			runOnlyForDeploymentPostprocessing = 0;
		};
/* End PBXSourcesBuildPhase section */

/* Begin PBXVariantGroup section */
		D9C5CE251B811A6900EB53E0 /* Main.storyboard */ = {
			isa = PBXVariantGroup;
			children = (
				D9C5CE261B811A6900EB53E0 /* Base */,
			);
			name = Main.storyboard;
			sourceTree = "<group>";
		};
		D9C5CE2A1B811A6900EB53E0 /* LaunchScreen.storyboard */ = {
			isa = PBXVariantGroup;
			children = (
				D9C5CE2B1B811A6900EB53E0 /* Base */,
			);
			name = LaunchScreen.storyboard;
			sourceTree = "<group>";
		};
/* End PBXVariantGroup section */

/* Begin XCBuildConfiguration section */
		D9C5CE2E1B811A6A00EB53E0 /* Debug */ = {
			isa = XCBuildConfiguration;
			buildSettings = {
				ALWAYS_SEARCH_USER_PATHS = NO;
				CLANG_CXX_LANGUAGE_STANDARD = "gnu++0x";
				CLANG_CXX_LIBRARY = "libc++";
				CLANG_ENABLE_MODULES = YES;
				CLANG_ENABLE_OBJC_ARC = YES;
				CLANG_WARN_BOOL_CONVERSION = YES;
				CLANG_WARN_CONSTANT_CONVERSION = YES;
				CLANG_WARN_DIRECT_OBJC_ISA_USAGE = YES_ERROR;
				CLANG_WARN_EMPTY_BODY = YES;
				CLANG_WARN_ENUM_CONVERSION = YES;
				CLANG_WARN_INT_CONVERSION = YES;
				CLANG_WARN_OBJC_ROOT_CLASS = YES_ERROR;
				CLANG_WARN_UNREACHABLE_CODE = YES;
				CLANG_WARN__DUPLICATE_METHOD_MATCH = YES;
				"CODE_SIGN_IDENTITY[sdk=iphoneos*]" = "iPhone Developer";
				COPY_PHASE_STRIP = NO;
				DEBUG_INFORMATION_FORMAT = dwarf;
				ENABLE_STRICT_OBJC_MSGSEND = YES;
				ENABLE_TESTABILITY = YES;
				GCC_C_LANGUAGE_STANDARD = gnu99;
				GCC_DYNAMIC_NO_PIC = NO;
				GCC_NO_COMMON_BLOCKS = YES;
				GCC_OPTIMIZATION_LEVEL = 0;
				GCC_PREPROCESSOR_DEFINITIONS = (
					"DEBUG=1",
					"$(inherited)",
				);
				GCC_WARN_64_TO_32_BIT_CONVERSION = YES;
				GCC_WARN_ABOUT_RETURN_TYPE = YES_ERROR;
				GCC_WARN_UNDECLARED_SELECTOR = YES;
				GCC_WARN_UNINITIALIZED_AUTOS = YES_AGGRESSIVE;
				GCC_WARN_UNUSED_FUNCTION = YES;
				GCC_WARN_UNUSED_VARIABLE = YES;
				IPHONEOS_DEPLOYMENT_TARGET = 9.0;
				MTL_ENABLE_DEBUG_INFO = YES;
				ONLY_ACTIVE_ARCH = YES;
				SDKROOT = iphoneos;
				SWIFT_OPTIMIZATION_LEVEL = "-Onone";
			};
			name = Debug;
		};
		D9C5CE2F1B811A6A00EB53E0 /* Release */ = {
			isa = XCBuildConfiguration;
			buildSettings = {
				ALWAYS_SEARCH_USER_PATHS = NO;
				CLANG_CXX_LANGUAGE_STANDARD = "gnu++0x";
				CLANG_CXX_LIBRARY = "libc++";
				CLANG_ENABLE_MODULES = YES;
				CLANG_ENABLE_OBJC_ARC = YES;
				CLANG_WARN_BOOL_CONVERSION = YES;
				CLANG_WARN_CONSTANT_CONVERSION = YES;
				CLANG_WARN_DIRECT_OBJC_ISA_USAGE = YES_ERROR;
				CLANG_WARN_EMPTY_BODY = YES;
				CLANG_WARN_ENUM_CONVERSION = YES;
				CLANG_WARN_INT_CONVERSION = YES;
				CLANG_WARN_OBJC_ROOT_CLASS = YES_ERROR;
				CLANG_WARN_UNREACHABLE_CODE = YES;
				CLANG_WARN__DUPLICATE_METHOD_MATCH = YES;
				"CODE_SIGN_IDENTITY[sdk=iphoneos*]" = "iPhone Developer";
				COPY_PHASE_STRIP = NO;
				DEBUG_INFORMATION_FORMAT = "dwarf-with-dsym";
				ENABLE_NS_ASSERTIONS = NO;
				ENABLE_STRICT_OBJC_MSGSEND = YES;
				GCC_C_LANGUAGE_STANDARD = gnu99;
				GCC_NO_COMMON_BLOCKS = YES;
				GCC_WARN_64_TO_32_BIT_CONVERSION = YES;
				GCC_WARN_ABOUT_RETURN_TYPE = YES_ERROR;
				GCC_WARN_UNDECLARED_SELECTOR = YES;
				GCC_WARN_UNINITIALIZED_AUTOS = YES_AGGRESSIVE;
				GCC_WARN_UNUSED_FUNCTION = YES;
				GCC_WARN_UNUSED_VARIABLE = YES;
				IPHONEOS_DEPLOYMENT_TARGET = 9.0;
				MTL_ENABLE_DEBUG_INFO = NO;
				SDKROOT = iphoneos;
				VALIDATE_PRODUCT = YES;
			};
			name = Release;
		};
		D9C5CE311B811A6A00EB53E0 /* Debug */ = {
			isa = XCBuildConfiguration;
			buildSettings = {
				ASSETCATALOG_COMPILER_APPICON_NAME = AppIcon;
				INFOPLIST_FILE = "Cat Years/Info.plist";
				LD_RUNPATH_SEARCH_PATHS = "$(inherited) @executable_path/Frameworks";
				PRODUCT_BUNDLE_IDENTIFIER = "com.colcordapps.Cat-Years";
				PRODUCT_NAME = "$(TARGET_NAME)";
			};
			name = Debug;
		};
		D9C5CE321B811A6A00EB53E0 /* Release */ = {
			isa = XCBuildConfiguration;
			buildSettings = {
				ASSETCATALOG_COMPILER_APPICON_NAME = AppIcon;
				INFOPLIST_FILE = "Cat Years/Info.plist";
				LD_RUNPATH_SEARCH_PATHS = "$(inherited) @executable_path/Frameworks";
				PRODUCT_BUNDLE_IDENTIFIER = "com.colcordapps.Cat-Years";
				PRODUCT_NAME = "$(TARGET_NAME)";
			};
			name = Release;
		};
/* End XCBuildConfiguration section */

/* Begin XCConfigurationList section */
		D9C5CE191B811A6900EB53E0 /* Build configuration list for PBXProject "Cat Years" */ = {
			isa = XCConfigurationList;
			buildConfigurations = (
				D9C5CE2E1B811A6A00EB53E0 /* Debug */,
				D9C5CE2F1B811A6A00EB53E0 /* Release */,
			);
			defaultConfigurationIsVisible = 0;
			defaultConfigurationName = Release;
		};
		D9C5CE301B811A6A00EB53E0 /* Build configuration list for PBXNativeTarget "Cat Years" */ = {
			isa = XCConfigurationList;
			buildConfigurations = (
				D9C5CE311B811A6A00EB53E0 /* Debug */,
				D9C5CE321B811A6A00EB53E0 /* Release */,
			);
			defaultConfigurationIsVisible = 0;
		};
/* End XCConfigurationList section */
	};
	rootObject = D9C5CE161B811A6900EB53E0 /* Project object */;
}
